
Microsoft Visual Studio Solution File, Format Version 12.00
# Visual Studio Version 16
VisualStudioVersion = 16.0.33423.256
MinimumVisualStudioVersion = 10.0.40219.1
Project("{FAE04EC0-301F-11D3-BF4B-00C04F79EFBC}") = "ConsoleApp3", "ConsoleApp3\ConsoleApp3.csproj", "{B6AC07B2-12A7-44CF-BE43-582EDC60DD48}"
EndProject
Global
	GlobalSection(SolutionConfigurationPlatforms) = preSolution
		Debug|Any CPU = Debug|Any CPU
		Release|Any CPU = Release|Any CPU
	EndGlobalSection
	GlobalSection(ProjectConfigurationPlatforms) = postSolution
		{B6AC07B2-12A7-44CF-BE43-582EDC60DD48}.Debug|Any CPU.ActiveCfg = Debug|Any CPU
		{B6AC07B2-12A7-44CF-BE43-582EDC60DD48}.Debug|Any CPU.Build.0 = Debug|Any CPU
		{B6AC07B2-12A7-44CF-BE43-582EDC60DD48}.Release|Any CPU.ActiveCfg = Release|Any CPU
		{B6AC07B2-12A7-44CF-BE43-582EDC60DD48}.Release|Any CPU.Build.0 = Release|Any CPU
	EndGlobalSection
	GlobalSection(SolutionProperties) = preSolution
		HideSolutionNode = FALSE
	EndGlobalSection
	GlobalSection(ExtensibilityGlobals) = postSolution
		SolutionGuid = {28166CF4-FCFA-43A8-882D-1A34D2692505}
	EndGlobalSection
EndGlobal
